
Microsoft Visual Studio Solution File, Format Version 12.00
# Visual Studio Version 17
VisualStudioVersion = 17.0.31903.59
MinimumVisualStudioVersion = 10.0.40219.1
Project("{FAE04EC0-301F-11D3-BF4B-00C04F79EFBC}") = "JsonDocumentsManager", "JsonDocumentsManager\JsonDocumentsManager.csproj", "{854A43B3-BC1A-451D-BA7C-F268DB9889D6}"
EndProject
Project("{FAE04EC0-301F-11D3-BF4B-00C04F79EFBC}") = "StatesAndEvents", "StatesAndEvents\StatesAndEvents.csproj", "{060CF2CB-6B95-4EDA-B8A9-7B2AC1C45BFE}"
EndProject
Project("{FAE04EC0-301F-11D3-BF4B-00C04F79EFBC}") = "TheRobot", "TheRobot\TheRobot.csproj", "{A5780977-34E5-4BC3-B55D-C8745A99116D}"
EndProject
Project("{FAE04EC0-301F-11D3-BF4B-00C04F79EFBC}") = "TheStateMachine", "TheStateMachine\TheStateMachine.csproj", "{2C0E1AB4-8A37-48F6-BB1E-BB045382DD39}"
EndProject
Global
	GlobalSection(SolutionConfigurationPlatforms) = preSolution
		Debug|Any CPU = Debug|Any CPU
		Release|Any CPU = Release|Any CPU
	EndGlobalSection
	GlobalSection(SolutionProperties) = preSolution
		HideSolutionNode = FALSE
	EndGlobalSection
	GlobalSection(ProjectConfigurationPlatforms) = postSolution
		{854A43B3-BC1A-451D-BA7C-F268DB9889D6}.Debug|Any CPU.ActiveCfg = Debug|Any CPU
		{854A43B3-BC1A-451D-BA7C-F268DB9889D6}.Debug|Any CPU.Build.0 = Debug|Any CPU
		{854A43B3-BC1A-451D-BA7C-F268DB9889D6}.Release|Any CPU.ActiveCfg = Release|Any CPU
		{854A43B3-BC1A-451D-BA7C-F268DB9889D6}.Release|Any CPU.Build.0 = Release|Any CPU
		{060CF2CB-6B95-4EDA-B8A9-7B2AC1C45BFE}.Debug|Any CPU.ActiveCfg = Debug|Any CPU
		{060CF2CB-6B95-4EDA-B8A9-7B2AC1C45BFE}.Debug|Any CPU.Build.0 = Debug|Any CPU
		{060CF2CB-6B95-4EDA-B8A9-7B2AC1C45BFE}.Release|Any CPU.ActiveCfg = Release|Any CPU
		{060CF2CB-6B95-4EDA-B8A9-7B2AC1C45BFE}.Release|Any CPU.Build.0 = Release|Any CPU
		{A5780977-34E5-4BC3-B55D-C8745A99116D}.Debug|Any CPU.ActiveCfg = Debug|Any CPU
		{A5780977-34E5-4BC3-B55D-C8745A99116D}.Debug|Any CPU.Build.0 = Debug|Any CPU
		{A5780977-34E5-4BC3-B55D-C8745A99116D}.Release|Any CPU.ActiveCfg = Release|Any CPU
		{A5780977-34E5-4BC3-B55D-C8745A99116D}.Release|Any CPU.Build.0 = Release|Any CPU
		{2C0E1AB4-8A37-48F6-BB1E-BB045382DD39}.Debug|Any CPU.ActiveCfg = Debug|Any CPU
		{2C0E1AB4-8A37-48F6-BB1E-BB045382DD39}.Debug|Any CPU.Build.0 = Debug|Any CPU
		{2C0E1AB4-8A37-48F6-BB1E-BB045382DD39}.Release|Any CPU.ActiveCfg = Release|Any CPU
		{2C0E1AB4-8A37-48F6-BB1E-BB045382DD39}.Release|Any CPU.Build.0 = Release|Any CPU
	EndGlobalSection
EndGlobal
